// !$*UTF8*$!
{
	archiveVersion = 1;
	classes = {
	};
	objectVersion = 46;
	objects = {

/* Begin PBXBuildFile section */
		750B464215D3F34D00AD635E /* add_friends_contect@2x.png in Resources */ = {isa = PBXBuildFile; fileRef = 750B462515D3F34C00AD635E /* add_friends_contect@2x.png */; };
		750B464315D3F34D00AD635E /* add_friends_facebook@2x.png in Resources */ = {isa = PBXBuildFile; fileRef = 750B462615D3F34C00AD635E /* add_friends_facebook@2x.png */; };
		750B464415D3F34D00AD635E /* add_friends_mail@2x.png in Resources */ = {isa = PBXBuildFile; fileRef = 750B462715D3F34C00AD635E /* add_friends_mail@2x.png */; };
		750B464615D3F34D00AD635E /* content_back@2x.png in Resources */ = {isa = PBXBuildFile; fileRef = 750B462915D3F34C00AD635E /* content_back@2x.png */; };
		750B464715D3F34D00AD635E /* delis_logo@2x.png in Resources */ = {isa = PBXBuildFile; fileRef = 750B462A15D3F34C00AD635E /* delis_logo@2x.png */; };
		750B464A15D3F34D00AD635E /* menu_background@2x.png in Resources */ = {isa = PBXBuildFile; fileRef = 750B462D15D3F34C00AD635E /* menu_background@2x.png */; };
		750B464B15D3F34D00AD635E /* menu_bar@2x.png in Resources */ = {isa = PBXBuildFile; fileRef = 750B462E15D3F34C00AD635E /* menu_bar@2x.png */; };
		750B464C15D3F34D00AD635E /* menu_beer@2x.png in Resources */ = {isa = PBXBuildFile; fileRef = 750B462F15D3F34C00AD635E /* menu_beer@2x.png */; };
		750B464D15D3F34D00AD635E /* menu_bread@2x.png in Resources */ = {isa = PBXBuildFile; fileRef = 750B463015D3F34C00AD635E /* menu_bread@2x.png */; };
		750B464E15D3F34D00AD635E /* menu_coffee@2x.png in Resources */ = {isa = PBXBuildFile; fileRef = 750B463115D3F34C00AD635E /* menu_coffee@2x.png */; };
		750B464F15D3F34D00AD635E /* menu_hamberger@2x.png in Resources */ = {isa = PBXBuildFile; fileRef = 750B463215D3F34C00AD635E /* menu_hamberger@2x.png */; };
		750B465015D3F34D00AD635E /* menu_location@2x.png in Resources */ = {isa = PBXBuildFile; fileRef = 750B463315D3F34C00AD635E /* menu_location@2x.png */; };
		750B465115D3F34D00AD635E /* menu_pub@2x.png in Resources */ = {isa = PBXBuildFile; fileRef = 750B463415D3F34C00AD635E /* menu_pub@2x.png */; };
		750B465215D3F34D00AD635E /* menu_restorant@2x.png in Resources */ = {isa = PBXBuildFile; fileRef = 750B463515D3F34C00AD635E /* menu_restorant@2x.png */; };
		750B465315D3F34D00AD635E /* menu_wine@2x.png in Resources */ = {isa = PBXBuildFile; fileRef = 750B463615D3F34C00AD635E /* menu_wine@2x.png */; };
		750B465415D3F34D00AD635E /* navigation_background@2x.png in Resources */ = {isa = PBXBuildFile; fileRef = 750B463715D3F34C00AD635E /* navigation_background@2x.png */; };
		750B465515D3F34D00AD635E /* other_button@2x.png in Resources */ = {isa = PBXBuildFile; fileRef = 750B463815D3F34C00AD635E /* other_button@2x.png */; };
		750B465615D3F34D00AD635E /* picture_cell_background@2x.png in Resources */ = {isa = PBXBuildFile; fileRef = 750B463915D3F34C00AD635E /* picture_cell_background@2x.png */; };
		750B465715D3F34D00AD635E /* picture_outlline.png in Resources */ = {isa = PBXBuildFile; fileRef = 750B463A15D3F34C00AD635E /* picture_outlline.png */; };
		750B465A15D3F34D00AD635E /* shop_background@2x.png in Resources */ = {isa = PBXBuildFile; fileRef = 750B463D15D3F34D00AD635E /* shop_background@2x.png */; };
		750B465B15D3F34D00AD635E /* tab_background@2x.png in Resources */ = {isa = PBXBuildFile; fileRef = 750B463E15D3F34D00AD635E /* tab_background@2x.png */; };
		750B465C15D3F34D00AD635E /* tab_camera@2x.png in Resources */ = {isa = PBXBuildFile; fileRef = 750B463F15D3F34D00AD635E /* tab_camera@2x.png */; };
		750B465D15D3F34D00AD635E /* temp_profile@2x.jpg in Resources */ = {isa = PBXBuildFile; fileRef = 750B464015D3F34D00AD635E /* temp_profile@2x.jpg */; };
		750B465E15D3F34D00AD635E /* title_image@2x.png in Resources */ = {isa = PBXBuildFile; fileRef = 750B464115D3F34D00AD635E /* title_image@2x.png */; };
		750B466215D4010F00AD635E /* bar_add_friends@2x.png in Resources */ = {isa = PBXBuildFile; fileRef = 750B466115D4010F00AD635E /* bar_add_friends@2x.png */; };
		7515BE0B15AC7BD800F448FC /* UIKit.framework in Frameworks */ = {isa = PBXBuildFile; fileRef = 7515BE0A15AC7BD800F448FC /* UIKit.framework */; };
		7515BE0D15AC7BD800F448FC /* Foundation.framework in Frameworks */ = {isa = PBXBuildFile; fileRef = 7515BE0C15AC7BD800F448FC /* Foundation.framework */; };
		7515BE0F15AC7BD800F448FC /* CoreGraphics.framework in Frameworks */ = {isa = PBXBuildFile; fileRef = 7515BE0E15AC7BD800F448FC /* CoreGraphics.framework */; };
		7515BE1515AC7BD800F448FC /* InfoPlist.strings in Resources */ = {isa = PBXBuildFile; fileRef = 7515BE1315AC7BD800F448FC /* InfoPlist.strings */; };
		7515BE1715AC7BD800F448FC /* main.m in Sources */ = {isa = PBXBuildFile; fileRef = 7515BE1615AC7BD800F448FC /* main.m */; };
		7515BE1E15AC7BD800F448FC /* MainStoryboard_iPhone.storyboard in Resources */ = {isa = PBXBuildFile; fileRef = 7515BE1C15AC7BD800F448FC /* MainStoryboard_iPhone.storyboard */; };
		7515BE2115AC7BD800F448FC /* MainStoryboard_iPad.storyboard in Resources */ = {isa = PBXBuildFile; fileRef = 7515BE1F15AC7BD800F448FC /* MainStoryboard_iPad.storyboard */; };
		7515BE2415AC7BD800F448FC /* ViewController.m in Sources */ = {isa = PBXBuildFile; fileRef = 7515BE2315AC7BD800F448FC /* ViewController.m */; };
		7515BE2C15AC7BD800F448FC /* SenTestingKit.framework in Frameworks */ = {isa = PBXBuildFile; fileRef = 7515BE2B15AC7BD800F448FC /* SenTestingKit.framework */; };
		7515BE2D15AC7BD800F448FC /* UIKit.framework in Frameworks */ = {isa = PBXBuildFile; fileRef = 7515BE0A15AC7BD800F448FC /* UIKit.framework */; };
		7515BE2E15AC7BD800F448FC /* Foundation.framework in Frameworks */ = {isa = PBXBuildFile; fileRef = 7515BE0C15AC7BD800F448FC /* Foundation.framework */; };
		7515BE3615AC7BD800F448FC /* InfoPlist.strings in Resources */ = {isa = PBXBuildFile; fileRef = 7515BE3415AC7BD800F448FC /* InfoPlist.strings */; };
		7515BE3915AC7BD800F448FC /* DelisTests.m in Sources */ = {isa = PBXBuildFile; fileRef = 7515BE3815AC7BD800F448FC /* DelisTests.m */; };
		7515BE4715AC7D5300F448FC /* MapKit.framework in Frameworks */ = {isa = PBXBuildFile; fileRef = 7515BE4615AC7D5300F448FC /* MapKit.framework */; };
		7515BE4D15ADB96900F448FC /* FeedViewController.m in Sources */ = {isa = PBXBuildFile; fileRef = 7515BE4C15ADB96900F448FC /* FeedViewController.m */; };
		751BC59715BA76FA0080BBD6 /* ContentViewController.m in Sources */ = {isa = PBXBuildFile; fileRef = 751BC59615BA76FA0080BBD6 /* ContentViewController.m */; };
		751BC5A115BEA6D90080BBD6 /* ReviewViewController.m in Sources */ = {isa = PBXBuildFile; fileRef = 751BC5A015BEA6D90080BBD6 /* ReviewViewController.m */; };
		753319B415D40E8F006CF085 /* AddFriendsViewController.m in Sources */ = {isa = PBXBuildFile; fileRef = 753319B315D40E8F006CF085 /* AddFriendsViewController.m */; };
		753319B715D47BE0006CF085 /* feed_like_down@2x.png in Resources */ = {isa = PBXBuildFile; fileRef = 753319B615D47BE0006CF085 /* feed_like_down@2x.png */; };
		753319BA15D54DDE006CF085 /* tabbar_bg1@2x.png in Resources */ = {isa = PBXBuildFile; fileRef = 753319B815D54DDE006CF085 /* tabbar_bg1@2x.png */; };
		753319BE15D57533006CF085 /* bar_search@2X.png in Resources */ = {isa = PBXBuildFile; fileRef = 753319BC15D57532006CF085 /* bar_search@2X.png */; };
		753319BF15D57533006CF085 /* tabbar_bg2@2x.png in Resources */ = {isa = PBXBuildFile; fileRef = 753319BD15D57532006CF085 /* tabbar_bg2@2x.png */; };
		753319C215D575A3006CF085 /* PictureViewController.m in Sources */ = {isa = PBXBuildFile; fileRef = 753319C115D575A3006CF085 /* PictureViewController.m */; };
		753319C415D5B40F006CF085 /* check_point@2x.png in Resources */ = {isa = PBXBuildFile; fileRef = 753319C315D5B40F006CF085 /* check_point@2x.png */; };
		753319CA15D5B8FA006CF085 /* profile_mask@2x.png in Resources */ = {isa = PBXBuildFile; fileRef = 753319C815D5B8F9006CF085 /* profile_mask@2x.png */; };
		753319CC15D5BD16006CF085 /* profile_mask2@2x.png in Resources */ = {isa = PBXBuildFile; fileRef = 753319CB15D5BD16006CF085 /* profile_mask2@2x.png */; };
		753319CE15D5BE1A006CF085 /* profile_rect@2x.png in Resources */ = {isa = PBXBuildFile; fileRef = 753319CD15D5BE1A006CF085 /* profile_rect@2x.png */; };
		753319D115D5C00F006CF085 /* shop_detail_bg_s@2x.png in Resources */ = {isa = PBXBuildFile; fileRef = 753319CF15D5C00F006CF085 /* shop_detail_bg_s@2x.png */; };
		753319D215D5C00F006CF085 /* shop_detail_bg@2x.png in Resources */ = {isa = PBXBuildFile; fileRef = 753319D015D5C00F006CF085 /* shop_detail_bg@2x.png */; };
		753319D515D5C1E8006CF085 /* ShopViewController.m in Sources */ = {isa = PBXBuildFile; fileRef = 753319D415D5C1E7006CF085 /* ShopViewController.m */; };
		756E56AD15ADD7770009D04C /* CameraViewController.m in Sources */ = {isa = PBXBuildFile; fileRef = 756E56AC15ADD7770009D04C /* CameraViewController.m */; };
		75B0307515AF024400BABE2D /* ProfileViewController.m in Sources */ = {isa = PBXBuildFile; fileRef = 75B0307415AF024400BABE2D /* ProfileViewController.m */; };
		75CC5AE115C3BDA9003E71FD /* LocationView.m in Sources */ = {isa = PBXBuildFile; fileRef = 75CC5AE015C3BDA9003E71FD /* LocationView.m */; };
		75CC5AE915C3CC4F003E71FD /* LoginController.m in Sources */ = {isa = PBXBuildFile; fileRef = 75CC5AE815C3CC4F003E71FD /* LoginController.m */; };
		75CC5AFE15C730B4003E71FD /* TitleViewController.m in Sources */ = {isa = PBXBuildFile; fileRef = 75CC5AFD15C730B4003E71FD /* TitleViewController.m */; };
		75CC5B3615CB2952003E71FD /* FBDialog.bundle in Resources */ = {isa = PBXBuildFile; fileRef = 75CC5B2915CB2952003E71FD /* FBDialog.bundle */; };
		75CC5B3715CB2952003E71FD /* libfacebook_ios_sdk.a in Frameworks */ = {isa = PBXBuildFile; fileRef = 75CC5B2F15CB2952003E71FD /* libfacebook_ios_sdk.a */; };
		75DCE42C15CCB39700EF89E7 /* PostViewController.m in Sources */ = {isa = PBXBuildFile; fileRef = 75DCE42B15CCB39700EF89E7 /* PostViewController.m */; };
		75DCE43015CCD55200EF89E7 /* MainTabBarController.m in Sources */ = {isa = PBXBuildFile; fileRef = 75DCE42F15CCD55200EF89E7 /* MainTabBarController.m */; };
		75DCE43815CCEFC300EF89E7 /* CommunicationManager.m in Sources */ = {isa = PBXBuildFile; fileRef = 75DCE43715CCEFC300EF89E7 /* CommunicationManager.m */; };
		75DCE44B15D1500700EF89E7 /* PictureCellData.m in Sources */ = {isa = PBXBuildFile; fileRef = 75DCE44A15D1500600EF89E7 /* PictureCellData.m */; };
		75DCE45615D1B95800EF89E7 /* LoginViewController.m in Sources */ = {isa = PBXBuildFile; fileRef = 75DCE45515D1B95800EF89E7 /* LoginViewController.m */; };
		75DCE45B15D1BEC400EF89E7 /* WaitingViewController.m in Sources */ = {isa = PBXBuildFile; fileRef = 75DCE45A15D1BEC400EF89E7 /* WaitingViewController.m */; };
		75DCE48315D1D3D900EF89E7 /* delis_logo@2x.png in Resources */ = {isa = PBXBuildFile; fileRef = 75DCE47415D1D3D400EF89E7 /* delis_logo@2x.png */; };
		75DCE48415D1D3D900EF89E7 /* feed_comment@2x.png in Resources */ = {isa = PBXBuildFile; fileRef = 75DCE47515D1D3D400EF89E7 /* feed_comment@2x.png */; };
		75DCE48515D1D3D900EF89E7 /* feed_like@2x.png in Resources */ = {isa = PBXBuildFile; fileRef = 75DCE47615D1D3D400EF89E7 /* feed_like@2x.png */; };
		75DCE48715D1D3D900EF89E7 /* menu_bar@2x.png in Resources */ = {isa = PBXBuildFile; fileRef = 75DCE47815D1D3D500EF89E7 /* menu_bar@2x.png */; };
		75DCE48815D1D3D900EF89E7 /* menu_coffee@2x.png in Resources */ = {isa = PBXBuildFile; fileRef = 75DCE47915D1D3D600EF89E7 /* menu_coffee@2x.png */; };
		75DCE48915D1D3D900EF89E7 /* menu_location@2x.png in Resources */ = {isa = PBXBuildFile; fileRef = 75DCE47A15D1D3D600EF89E7 /* menu_location@2x.png */; };
		75DCE48A15D1D3D900EF89E7 /* menu_restorant@2x.png in Resources */ = {isa = PBXBuildFile; fileRef = 75DCE47B15D1D3D700EF89E7 /* menu_restorant@2x.png */; };
		75DCE48B15D1D3D900EF89E7 /* navigation_background@2x.png in Resources */ = {isa = PBXBuildFile; fileRef = 75DCE47C15D1D3D700EF89E7 /* navigation_background@2x.png */; };
		75DCE48C15D1D3D900EF89E7 /* other_button@2x.png in Resources */ = {isa = PBXBuildFile; fileRef = 75DCE47D15D1D3D700EF89E7 /* other_button@2x.png */; };
		75DCE48D15D1D3D900EF89E7 /* shop_background@2x.png in Resources */ = {isa = PBXBuildFile; fileRef = 75DCE47E15D1D3D700EF89E7 /* shop_background@2x.png */; };
		75DCE48E15D1D3D900EF89E7 /* tab_background@2x.png in Resources */ = {isa = PBXBuildFile; fileRef = 75DCE47F15D1D3D900EF89E7 /* tab_background@2x.png */; };
		75DCE48F15D1D3D900EF89E7 /* tab_camera@2x.png in Resources */ = {isa = PBXBuildFile; fileRef = 75DCE48015D1D3D900EF89E7 /* tab_camera@2x.png */; };
		75DCE49015D1D3D900EF89E7 /* title_image@2x.png in Resources */ = {isa = PBXBuildFile; fileRef = 75DCE48115D1D3D900EF89E7 /* title_image@2x.png */; };
/* End PBXBuildFile section */

/* Begin PBXContainerItemProxy section */
		7515BE2F15AC7BD800F448FC /* PBXContainerItemProxy */ = {
			isa = PBXContainerItemProxy;
			containerPortal = 7515BDFD15AC7BD800F448FC /* Project object */;
			proxyType = 1;
			remoteGlobalIDString = 7515BE0515AC7BD800F448FC;
			remoteInfo = Delis;
		};
/* End PBXContainerItemProxy section */

/* Begin PBXFileReference section */
		750B462515D3F34C00AD635E /* add_friends_contect@2x.png */ = {isa = PBXFileReference; lastKnownFileType = image.png; name = "add_friends_contect@2x.png"; path = "Delis/images/add_friends_contect@2x.png"; sourceTree = "<group>"; };
		750B462615D3F34C00AD635E /* add_friends_facebook@2x.png */ = {isa = PBXFileReference; lastKnownFileType = image.png; name = "add_friends_facebook@2x.png"; path = "Delis/images/add_friends_facebook@2x.png"; sourceTree = "<group>"; };
		750B462715D3F34C00AD635E /* add_friends_mail@2x.png */ = {isa = PBXFileReference; lastKnownFileType = image.png; name = "add_friends_mail@2x.png"; path = "Delis/images/add_friends_mail@2x.png"; sourceTree = "<group>"; };
		750B462915D3F34C00AD635E /* content_back@2x.png */ = {isa = PBXFileReference; lastKnownFileType = image.png; name = "content_back@2x.png"; path = "Delis/images/content_back@2x.png"; sourceTree = "<group>"; };
		750B462A15D3F34C00AD635E /* delis_logo@2x.png */ = {isa = PBXFileReference; lastKnownFileType = image.png; name = "delis_logo@2x.png"; path = "Delis/images/delis_logo@2x.png"; sourceTree = "<group>"; };
		750B462D15D3F34C00AD635E /* menu_background@2x.png */ = {isa = PBXFileReference; lastKnownFileType = image.png; name = "menu_background@2x.png"; path = "Delis/images/menu_background@2x.png"; sourceTree = "<group>"; };
		750B462E15D3F34C00AD635E /* menu_bar@2x.png */ = {isa = PBXFileReference; lastKnownFileType = image.png; name = "menu_bar@2x.png"; path = "Delis/images/menu_bar@2x.png"; sourceTree = "<group>"; };
		750B462F15D3F34C00AD635E /* menu_beer@2x.png */ = {isa = PBXFileReference; lastKnownFileType = image.png; name = "menu_beer@2x.png"; path = "Delis/images/menu_beer@2x.png"; sourceTree = "<group>"; };
		750B463015D3F34C00AD635E /* menu_bread@2x.png */ = {isa = PBXFileReference; lastKnownFileType = image.png; name = "menu_bread@2x.png"; path = "Delis/images/menu_bread@2x.png"; sourceTree = "<group>"; };
		750B463115D3F34C00AD635E /* menu_coffee@2x.png */ = {isa = PBXFileReference; lastKnownFileType = image.png; name = "menu_coffee@2x.png"; path = "Delis/images/menu_coffee@2x.png"; sourceTree = "<group>"; };
		750B463215D3F34C00AD635E /* menu_hamberger@2x.png */ = {isa = PBXFileReference; lastKnownFileType = image.png; name = "menu_hamberger@2x.png"; path = "Delis/images/menu_hamberger@2x.png"; sourceTree = "<group>"; };
		750B463315D3F34C00AD635E /* menu_location@2x.png */ = {isa = PBXFileReference; lastKnownFileType = image.png; name = "menu_location@2x.png"; path = "Delis/images/menu_location@2x.png"; sourceTree = "<group>"; };
		750B463415D3F34C00AD635E /* menu_pub@2x.png */ = {isa = PBXFileReference; lastKnownFileType = image.png; name = "menu_pub@2x.png"; path = "Delis/images/menu_pub@2x.png"; sourceTree = "<group>"; };
		750B463515D3F34C00AD635E /* menu_restorant@2x.png */ = {isa = PBXFileReference; lastKnownFileType = image.png; name = "menu_restorant@2x.png"; path = "Delis/images/menu_restorant@2x.png"; sourceTree = "<group>"; };
		750B463615D3F34C00AD635E /* menu_wine@2x.png */ = {isa = PBXFileReference; lastKnownFileType = image.png; name = "menu_wine@2x.png"; path = "Delis/images/menu_wine@2x.png"; sourceTree = "<group>"; };
		750B463715D3F34C00AD635E /* navigation_background@2x.png */ = {isa = PBXFileReference; lastKnownFileType = image.png; name = "navigation_background@2x.png"; path = "Delis/images/navigation_background@2x.png"; sourceTree = "<group>"; };
		750B463815D3F34C00AD635E /* other_button@2x.png */ = {isa = PBXFileReference; lastKnownFileType = image.png; name = "other_button@2x.png"; path = "Delis/images/other_button@2x.png"; sourceTree = "<group>"; };
		750B463915D3F34C00AD635E /* picture_cell_background@2x.png */ = {isa = PBXFileReference; lastKnownFileType = image.png; name = "picture_cell_background@2x.png"; path = "Delis/images/picture_cell_background@2x.png"; sourceTree = "<group>"; };
		750B463A15D3F34C00AD635E /* picture_outlline.png */ = {isa = PBXFileReference; lastKnownFileType = image.png; name = picture_outlline.png; path = Delis/images/picture_outlline.png; sourceTree = "<group>"; };
		750B463D15D3F34D00AD635E /* shop_background@2x.png */ = {isa = PBXFileReference; lastKnownFileType = image.png; name = "shop_background@2x.png"; path = "Delis/images/shop_background@2x.png"; sourceTree = "<group>"; };
		750B463E15D3F34D00AD635E /* tab_background@2x.png */ = {isa = PBXFileReference; lastKnownFileType = image.png; name = "tab_background@2x.png"; path = "Delis/images/tab_background@2x.png"; sourceTree = "<group>"; };
		750B463F15D3F34D00AD635E /* tab_camera@2x.png */ = {isa = PBXFileReference; lastKnownFileType = image.png; name = "tab_camera@2x.png"; path = "Delis/images/tab_camera@2x.png"; sourceTree = "<group>"; };
		750B464015D3F34D00AD635E /* temp_profile@2x.jpg */ = {isa = PBXFileReference; lastKnownFileType = image.jpeg; name = "temp_profile@2x.jpg"; path = "Delis/images/temp_profile@2x.jpg"; sourceTree = "<group>"; };
		750B464115D3F34D00AD635E /* title_image@2x.png */ = {isa = PBXFileReference; lastKnownFileType = image.png; name = "title_image@2x.png"; path = "Delis/images/title_image@2x.png"; sourceTree = "<group>"; };
		750B466115D4010F00AD635E /* bar_add_friends@2x.png */ = {isa = PBXFileReference; lastKnownFileType = image.png; name = "bar_add_friends@2x.png"; path = "Delis/images/bar_add_friends@2x.png"; sourceTree = "<group>"; };
		7515BE0615AC7BD800F448FC /* Delis.app */ = {isa = PBXFileReference; explicitFileType = wrapper.application; includeInIndex = 0; path = Delis.app; sourceTree = BUILT_PRODUCTS_DIR; };
		7515BE0A15AC7BD800F448FC /* UIKit.framework */ = {isa = PBXFileReference; lastKnownFileType = wrapper.framework; name = UIKit.framework; path = System/Library/Frameworks/UIKit.framework; sourceTree = SDKROOT; };
		7515BE0C15AC7BD800F448FC /* Foundation.framework */ = {isa = PBXFileReference; lastKnownFileType = wrapper.framework; name = Foundation.framework; path = System/Library/Frameworks/Foundation.framework; sourceTree = SDKROOT; };
		7515BE0E15AC7BD800F448FC /* CoreGraphics.framework */ = {isa = PBXFileReference; lastKnownFileType = wrapper.framework; name = CoreGraphics.framework; path = System/Library/Frameworks/CoreGraphics.framework; sourceTree = SDKROOT; };
		7515BE1215AC7BD800F448FC /* Delis-Info.plist */ = {isa = PBXFileReference; lastKnownFileType = text.plist.xml; path = "Delis-Info.plist"; sourceTree = "<group>"; };
		7515BE1415AC7BD800F448FC /* en */ = {isa = PBXFileReference; lastKnownFileType = text.plist.strings; name = en; path = en.lproj/InfoPlist.strings; sourceTree = "<group>"; };
		7515BE1615AC7BD800F448FC /* main.m */ = {isa = PBXFileReference; lastKnownFileType = sourcecode.c.objc; path = main.m; sourceTree = "<group>"; };
		7515BE1815AC7BD800F448FC /* Delis-Prefix.pch */ = {isa = PBXFileReference; lastKnownFileType = sourcecode.c.h; path = "Delis-Prefix.pch"; sourceTree = "<group>"; };
		7515BE1D15AC7BD800F448FC /* en */ = {isa = PBXFileReference; lastKnownFileType = file.storyboard; name = en; path = en.lproj/MainStoryboard_iPhone.storyboard; sourceTree = "<group>"; };
		7515BE2015AC7BD800F448FC /* en */ = {isa = PBXFileReference; lastKnownFileType = file.storyboard; name = en; path = en.lproj/MainStoryboard_iPad.storyboard; sourceTree = "<group>"; };
		7515BE2215AC7BD800F448FC /* ViewController.h */ = {isa = PBXFileReference; lastKnownFileType = sourcecode.c.h; path = ViewController.h; sourceTree = "<group>"; };
		7515BE2315AC7BD800F448FC /* ViewController.m */ = {isa = PBXFileReference; lastKnownFileType = sourcecode.c.objc; path = ViewController.m; sourceTree = "<group>"; };
		7515BE2A15AC7BD800F448FC /* DelisTests.octest */ = {isa = PBXFileReference; explicitFileType = wrapper.cfbundle; includeInIndex = 0; path = DelisTests.octest; sourceTree = BUILT_PRODUCTS_DIR; };
		7515BE2B15AC7BD800F448FC /* SenTestingKit.framework */ = {isa = PBXFileReference; lastKnownFileType = wrapper.framework; name = SenTestingKit.framework; path = Library/Frameworks/SenTestingKit.framework; sourceTree = DEVELOPER_DIR; };
		7515BE3315AC7BD800F448FC /* DelisTests-Info.plist */ = {isa = PBXFileReference; lastKnownFileType = text.plist.xml; path = "DelisTests-Info.plist"; sourceTree = "<group>"; };
		7515BE3515AC7BD800F448FC /* en */ = {isa = PBXFileReference; lastKnownFileType = text.plist.strings; name = en; path = en.lproj/InfoPlist.strings; sourceTree = "<group>"; };
		7515BE3715AC7BD800F448FC /* DelisTests.h */ = {isa = PBXFileReference; lastKnownFileType = sourcecode.c.h; path = DelisTests.h; sourceTree = "<group>"; };
		7515BE3815AC7BD800F448FC /* DelisTests.m */ = {isa = PBXFileReference; lastKnownFileType = sourcecode.c.objc; path = DelisTests.m; sourceTree = "<group>"; };
		7515BE4615AC7D5300F448FC /* MapKit.framework */ = {isa = PBXFileReference; lastKnownFileType = wrapper.framework; name = MapKit.framework; path = System/Library/Frameworks/MapKit.framework; sourceTree = SDKROOT; };
		7515BE4B15ADB96900F448FC /* FeedViewController.h */ = {isa = PBXFileReference; fileEncoding = 4; lastKnownFileType = sourcecode.c.h; path = FeedViewController.h; sourceTree = "<group>"; };
		7515BE4C15ADB96900F448FC /* FeedViewController.m */ = {isa = PBXFileReference; fileEncoding = 4; lastKnownFileType = sourcecode.c.objc; path = FeedViewController.m; sourceTree = "<group>"; };
		751BC59515BA76FA0080BBD6 /* ContentViewController.h */ = {isa = PBXFileReference; fileEncoding = 4; lastKnownFileType = sourcecode.c.h; path = ContentViewController.h; sourceTree = "<group>"; };
		751BC59615BA76FA0080BBD6 /* ContentViewController.m */ = {isa = PBXFileReference; fileEncoding = 4; lastKnownFileType = sourcecode.c.objc; path = ContentViewController.m; sourceTree = "<group>"; };
		751BC59F15BEA6D90080BBD6 /* ReviewViewController.h */ = {isa = PBXFileReference; fileEncoding = 4; lastKnownFileType = sourcecode.c.h; path = ReviewViewController.h; sourceTree = "<group>"; };
		751BC5A015BEA6D90080BBD6 /* ReviewViewController.m */ = {isa = PBXFileReference; fileEncoding = 4; lastKnownFileType = sourcecode.c.objc; path = ReviewViewController.m; sourceTree = "<group>"; };
		753319B215D40E8F006CF085 /* AddFriendsViewController.h */ = {isa = PBXFileReference; fileEncoding = 4; lastKnownFileType = sourcecode.c.h; path = AddFriendsViewController.h; sourceTree = "<group>"; };
		753319B315D40E8F006CF085 /* AddFriendsViewController.m */ = {isa = PBXFileReference; fileEncoding = 4; lastKnownFileType = sourcecode.c.objc; path = AddFriendsViewController.m; sourceTree = "<group>"; };
		753319B615D47BE0006CF085 /* feed_like_down@2x.png */ = {isa = PBXFileReference; lastKnownFileType = image.png; name = "feed_like_down@2x.png"; path = "Delis/images/feed_like_down@2x.png"; sourceTree = "<group>"; };
		753319B815D54DDE006CF085 /* tabbar_bg1@2x.png */ = {isa = PBXFileReference; lastKnownFileType = image.png; name = "tabbar_bg1@2x.png"; path = "Delis/images/tabbar_bg1@2x.png"; sourceTree = "<group>"; };
		753319BC15D57532006CF085 /* bar_search@2X.png */ = {isa = PBXFileReference; lastKnownFileType = image.png; name = "bar_search@2X.png"; path = "Delis/images/bar_search@2X.png"; sourceTree = "<group>"; };
		753319BD15D57532006CF085 /* tabbar_bg2@2x.png */ = {isa = PBXFileReference; lastKnownFileType = image.png; name = "tabbar_bg2@2x.png"; path = "Delis/images/tabbar_bg2@2x.png"; sourceTree = "<group>"; };
		753319C015D575A3006CF085 /* PictureViewController.h */ = {isa = PBXFileReference; fileEncoding = 4; lastKnownFileType = sourcecode.c.h; path = PictureViewController.h; sourceTree = "<group>"; };
		753319C115D575A3006CF085 /* PictureViewController.m */ = {isa = PBXFileReference; fileEncoding = 4; lastKnownFileType = sourcecode.c.objc; path = PictureViewController.m; sourceTree = "<group>"; };
		753319C315D5B40F006CF085 /* check_point@2x.png */ = {isa = PBXFileReference; lastKnownFileType = image.png; name = "check_point@2x.png"; path = "Delis/images/check_point@2x.png"; sourceTree = "<group>"; };
		753319C815D5B8F9006CF085 /* profile_mask@2x.png */ = {isa = PBXFileReference; lastKnownFileType = image.png; name = "profile_mask@2x.png"; path = "Delis/images/profile_mask@2x.png"; sourceTree = "<group>"; };
		753319CB15D5BD16006CF085 /* profile_mask2@2x.png */ = {isa = PBXFileReference; lastKnownFileType = image.png; name = "profile_mask2@2x.png"; path = "Delis/images/profile_mask2@2x.png"; sourceTree = "<group>"; };
		753319CD15D5BE1A006CF085 /* profile_rect@2x.png */ = {isa = PBXFileReference; lastKnownFileType = image.png; name = "profile_rect@2x.png"; path = "Delis/images/profile_rect@2x.png"; sourceTree = "<group>"; };
		753319CF15D5C00F006CF085 /* shop_detail_bg_s@2x.png */ = {isa = PBXFileReference; lastKnownFileType = image.png; name = "shop_detail_bg_s@2x.png"; path = "Delis/images/shop_detail_bg_s@2x.png"; sourceTree = "<group>"; };
		753319D015D5C00F006CF085 /* shop_detail_bg@2x.png */ = {isa = PBXFileReference; lastKnownFileType = image.png; name = "shop_detail_bg@2x.png"; path = "Delis/images/shop_detail_bg@2x.png"; sourceTree = "<group>"; };
		753319D315D5C1E7006CF085 /* ShopViewController.h */ = {isa = PBXFileReference; fileEncoding = 4; lastKnownFileType = sourcecode.c.h; path = ShopViewController.h; sourceTree = "<group>"; };
		753319D415D5C1E7006CF085 /* ShopViewController.m */ = {isa = PBXFileReference; fileEncoding = 4; lastKnownFileType = sourcecode.c.objc; path = ShopViewController.m; sourceTree = "<group>"; };
		756E56AB15ADD7770009D04C /* CameraViewController.h */ = {isa = PBXFileReference; fileEncoding = 4; lastKnownFileType = sourcecode.c.h; path = CameraViewController.h; sourceTree = "<group>"; };
		756E56AC15ADD7770009D04C /* CameraViewController.m */ = {isa = PBXFileReference; fileEncoding = 4; lastKnownFileType = sourcecode.c.objc; path = CameraViewController.m; sourceTree = "<group>"; };
		75B0307315AF024400BABE2D /* ProfileViewController.h */ = {isa = PBXFileReference; fileEncoding = 4; lastKnownFileType = sourcecode.c.h; path = ProfileViewController.h; sourceTree = "<group>"; };
		75B0307415AF024400BABE2D /* ProfileViewController.m */ = {isa = PBXFileReference; fileEncoding = 4; lastKnownFileType = sourcecode.c.objc; path = ProfileViewController.m; sourceTree = "<group>"; };
		75CC5ADF15C3BDA9003E71FD /* LocationView.h */ = {isa = PBXFileReference; fileEncoding = 4; lastKnownFileType = sourcecode.c.h; path = LocationView.h; sourceTree = "<group>"; };
		75CC5AE015C3BDA9003E71FD /* LocationView.m */ = {isa = PBXFileReference; fileEncoding = 4; lastKnownFileType = sourcecode.c.objc; path = LocationView.m; sourceTree = "<group>"; };
		75CC5AE715C3CC4F003E71FD /* LoginController.h */ = {isa = PBXFileReference; fileEncoding = 4; lastKnownFileType = sourcecode.c.h; path = LoginController.h; sourceTree = "<group>"; };
		75CC5AE815C3CC4F003E71FD /* LoginController.m */ = {isa = PBXFileReference; fileEncoding = 4; lastKnownFileType = sourcecode.c.objc; path = LoginController.m; sourceTree = "<group>"; };
		75CC5AFC15C730B4003E71FD /* TitleViewController.h */ = {isa = PBXFileReference; fileEncoding = 4; lastKnownFileType = sourcecode.c.h; path = TitleViewController.h; sourceTree = "<group>"; };
		75CC5AFD15C730B4003E71FD /* TitleViewController.m */ = {isa = PBXFileReference; fileEncoding = 4; lastKnownFileType = sourcecode.c.objc; path = TitleViewController.m; sourceTree = "<group>"; };
		75CC5B2715CB2952003E71FD /* Facebook.h */ = {isa = PBXFileReference; fileEncoding = 4; lastKnownFileType = sourcecode.c.h; path = Facebook.h; sourceTree = "<group>"; };
		75CC5B2815CB2952003E71FD /* FBConnect.h */ = {isa = PBXFileReference; fileEncoding = 4; lastKnownFileType = sourcecode.c.h; path = FBConnect.h; sourceTree = "<group>"; };
		75CC5B2915CB2952003E71FD /* FBDialog.bundle */ = {isa = PBXFileReference; lastKnownFileType = "wrapper.plug-in"; path = FBDialog.bundle; sourceTree = "<group>"; };
		75CC5B2A15CB2952003E71FD /* FBDialog.h */ = {isa = PBXFileReference; fileEncoding = 4; lastKnownFileType = sourcecode.c.h; path = FBDialog.h; sourceTree = "<group>"; };
		75CC5B2B15CB2952003E71FD /* FBFrictionlessRequestSettings.h */ = {isa = PBXFileReference; fileEncoding = 4; lastKnownFileType = sourcecode.c.h; path = FBFrictionlessRequestSettings.h; sourceTree = "<group>"; };
		75CC5B2C15CB2952003E71FD /* FBLoginDialog.h */ = {isa = PBXFileReference; fileEncoding = 4; lastKnownFileType = sourcecode.c.h; path = FBLoginDialog.h; sourceTree = "<group>"; };
		75CC5B2D15CB2952003E71FD /* FBRequest.h */ = {isa = PBXFileReference; fileEncoding = 4; lastKnownFileType = sourcecode.c.h; path = FBRequest.h; sourceTree = "<group>"; };
		75CC5B2E15CB2952003E71FD /* JSON.h */ = {isa = PBXFileReference; fileEncoding = 4; lastKnownFileType = sourcecode.c.h; path = JSON.h; sourceTree = "<group>"; };
		75CC5B2F15CB2952003E71FD /* libfacebook_ios_sdk.a */ = {isa = PBXFileReference; lastKnownFileType = archive.ar; path = libfacebook_ios_sdk.a; sourceTree = "<group>"; };
		75CC5B3015CB2952003E71FD /* NSObject+SBJSON.h */ = {isa = PBXFileReference; fileEncoding = 4; lastKnownFileType = sourcecode.c.h; path = "NSObject+SBJSON.h"; sourceTree = "<group>"; };
		75CC5B3115CB2952003E71FD /* NSString+SBJSON.h */ = {isa = PBXFileReference; fileEncoding = 4; lastKnownFileType = sourcecode.c.h; path = "NSString+SBJSON.h"; sourceTree = "<group>"; };
		75CC5B3215CB2952003E71FD /* SBJSON.h */ = {isa = PBXFileReference; fileEncoding = 4; lastKnownFileType = sourcecode.c.h; path = SBJSON.h; sourceTree = "<group>"; };
		75CC5B3315CB2952003E71FD /* SBJsonBase.h */ = {isa = PBXFileReference; fileEncoding = 4; lastKnownFileType = sourcecode.c.h; path = SBJsonBase.h; sourceTree = "<group>"; };
		75CC5B3415CB2952003E71FD /* SBJsonParser.h */ = {isa = PBXFileReference; fileEncoding = 4; lastKnownFileType = sourcecode.c.h; path = SBJsonParser.h; sourceTree = "<group>"; };
		75CC5B3515CB2952003E71FD /* SBJsonWriter.h */ = {isa = PBXFileReference; fileEncoding = 4; lastKnownFileType = sourcecode.c.h; path = SBJsonWriter.h; sourceTree = "<group>"; };
		75DCE42A15CCB39700EF89E7 /* PostViewController.h */ = {isa = PBXFileReference; fileEncoding = 4; lastKnownFileType = sourcecode.c.h; path = PostViewController.h; sourceTree = "<group>"; };
		75DCE42B15CCB39700EF89E7 /* PostViewController.m */ = {isa = PBXFileReference; fileEncoding = 4; lastKnownFileType = sourcecode.c.objc; path = PostViewController.m; sourceTree = "<group>"; };
		75DCE42E15CCD55200EF89E7 /* MainTabBarController.h */ = {isa = PBXFileReference; fileEncoding = 4; lastKnownFileType = sourcecode.c.h; path = MainTabBarController.h; sourceTree = "<group>"; };
		75DCE42F15CCD55200EF89E7 /* MainTabBarController.m */ = {isa = PBXFileReference; fileEncoding = 4; lastKnownFileType = sourcecode.c.objc; path = MainTabBarController.m; sourceTree = "<group>"; };
		75DCE43615CCEFC200EF89E7 /* CommunicationManager.h */ = {isa = PBXFileReference; fileEncoding = 4; lastKnownFileType = sourcecode.c.h; path = CommunicationManager.h; sourceTree = "<group>"; };
		75DCE43715CCEFC300EF89E7 /* CommunicationManager.m */ = {isa = PBXFileReference; fileEncoding = 4; lastKnownFileType = sourcecode.c.objc; path = CommunicationManager.m; sourceTree = "<group>"; };
		75DCE44915D1500600EF89E7 /* PictureCellData.h */ = {isa = PBXFileReference; fileEncoding = 4; lastKnownFileType = sourcecode.c.h; path = PictureCellData.h; sourceTree = "<group>"; };
		75DCE44A15D1500600EF89E7 /* PictureCellData.m */ = {isa = PBXFileReference; fileEncoding = 4; lastKnownFileType = sourcecode.c.objc; path = PictureCellData.m; sourceTree = "<group>"; };
		75DCE45415D1B95700EF89E7 /* LoginViewController.h */ = {isa = PBXFileReference; fileEncoding = 4; lastKnownFileType = sourcecode.c.h; path = LoginViewController.h; sourceTree = "<group>"; };
		75DCE45515D1B95800EF89E7 /* LoginViewController.m */ = {isa = PBXFileReference; fileEncoding = 4; lastKnownFileType = sourcecode.c.objc; path = LoginViewController.m; sourceTree = "<group>"; };
		75DCE45915D1BEC400EF89E7 /* WaitingViewController.h */ = {isa = PBXFileReference; fileEncoding = 4; lastKnownFileType = sourcecode.c.h; path = WaitingViewController.h; sourceTree = "<group>"; };
		75DCE45A15D1BEC400EF89E7 /* WaitingViewController.m */ = {isa = PBXFileReference; fileEncoding = 4; lastKnownFileType = sourcecode.c.objc; path = WaitingViewController.m; sourceTree = "<group>"; };
		75DCE47415D1D3D400EF89E7 /* delis_logo@2x.png */ = {isa = PBXFileReference; lastKnownFileType = image.png; name = "delis_logo@2x.png"; path = "Delis/images/delis_logo@2x.png"; sourceTree = "<group>"; };
		75DCE47515D1D3D400EF89E7 /* feed_comment@2x.png */ = {isa = PBXFileReference; lastKnownFileType = image.png; name = "feed_comment@2x.png"; path = "Delis/images/feed_comment@2x.png"; sourceTree = "<group>"; };
		75DCE47615D1D3D400EF89E7 /* feed_like@2x.png */ = {isa = PBXFileReference; lastKnownFileType = image.png; name = "feed_like@2x.png"; path = "Delis/images/feed_like@2x.png"; sourceTree = "<group>"; };
		75DCE47815D1D3D500EF89E7 /* menu_bar@2x.png */ = {isa = PBXFileReference; lastKnownFileType = image.png; name = "menu_bar@2x.png"; path = "Delis/images/menu_bar@2x.png"; sourceTree = "<group>"; };
		75DCE47915D1D3D600EF89E7 /* menu_coffee@2x.png */ = {isa = PBXFileReference; lastKnownFileType = image.png; name = "menu_coffee@2x.png"; path = "Delis/images/menu_coffee@2x.png"; sourceTree = "<group>"; };
		75DCE47A15D1D3D600EF89E7 /* menu_location@2x.png */ = {isa = PBXFileReference; lastKnownFileType = image.png; name = "menu_location@2x.png"; path = "Delis/images/menu_location@2x.png"; sourceTree = "<group>"; };
		75DCE47B15D1D3D700EF89E7 /* menu_restorant@2x.png */ = {isa = PBXFileReference; lastKnownFileType = image.png; name = "menu_restorant@2x.png"; path = "Delis/images/menu_restorant@2x.png"; sourceTree = "<group>"; };
		75DCE47C15D1D3D700EF89E7 /* navigation_background@2x.png */ = {isa = PBXFileReference; lastKnownFileType = image.png; name = "navigation_background@2x.png"; path = "Delis/images/navigation_background@2x.png"; sourceTree = "<group>"; };
		75DCE47D15D1D3D700EF89E7 /* other_button@2x.png */ = {isa = PBXFileReference; lastKnownFileType = image.png; name = "other_button@2x.png"; path = "Delis/images/other_button@2x.png"; sourceTree = "<group>"; };
		75DCE47E15D1D3D700EF89E7 /* shop_background@2x.png */ = {isa = PBXFileReference; lastKnownFileType = image.png; name = "shop_background@2x.png"; path = "Delis/images/shop_background@2x.png"; sourceTree = "<group>"; };
		75DCE47F15D1D3D900EF89E7 /* tab_background@2x.png */ = {isa = PBXFileReference; lastKnownFileType = image.png; name = "tab_background@2x.png"; path = "Delis/images/tab_background@2x.png"; sourceTree = "<group>"; };
		75DCE48015D1D3D900EF89E7 /* tab_camera@2x.png */ = {isa = PBXFileReference; lastKnownFileType = image.png; name = "tab_camera@2x.png"; path = "Delis/images/tab_camera@2x.png"; sourceTree = "<group>"; };
		75DCE48115D1D3D900EF89E7 /* title_image@2x.png */ = {isa = PBXFileReference; lastKnownFileType = image.png; name = "title_image@2x.png"; path = "Delis/images/title_image@2x.png"; sourceTree = "<group>"; };
/* End PBXFileReference section */

/* Begin PBXFrameworksBuildPhase section */
		7515BE0315AC7BD800F448FC /* Frameworks */ = {
			isa = PBXFrameworksBuildPhase;
			buildActionMask = 2147483647;
			files = (
				7515BE4715AC7D5300F448FC /* MapKit.framework in Frameworks */,
				7515BE0B15AC7BD800F448FC /* UIKit.framework in Frameworks */,
				7515BE0D15AC7BD800F448FC /* Foundation.framework in Frameworks */,
				7515BE0F15AC7BD800F448FC /* CoreGraphics.framework in Frameworks */,
				75CC5B3715CB2952003E71FD /* libfacebook_ios_sdk.a in Frameworks */,
			);
			runOnlyForDeploymentPostprocessing = 0;
		};
		7515BE2615AC7BD800F448FC /* Frameworks */ = {
			isa = PBXFrameworksBuildPhase;
			buildActionMask = 2147483647;
			files = (
				7515BE2C15AC7BD800F448FC /* SenTestingKit.framework in Frameworks */,
				7515BE2D15AC7BD800F448FC /* UIKit.framework in Frameworks */,
				7515BE2E15AC7BD800F448FC /* Foundation.framework in Frameworks */,
			);
			runOnlyForDeploymentPostprocessing = 0;
		};
/* End PBXFrameworksBuildPhase section */

/* Begin PBXGroup section */
		7515BDFB15AC7BD800F448FC = {
			isa = PBXGroup;
			children = (
				75DCE49115D1D3E700EF89E7 /* images */,
				75CC5B2615CB2952003E71FD /* facebook-ios-sdk */,
				7515BE4615AC7D5300F448FC /* MapKit.framework */,
				7515BE1015AC7BD800F448FC /* Delis */,
				7515BE3115AC7BD800F448FC /* DelisTests */,
				7515BE0915AC7BD800F448FC /* Frameworks */,
				7515BE0715AC7BD800F448FC /* Products */,
			);
			sourceTree = "<group>";
		};
		7515BE0715AC7BD800F448FC /* Products */ = {
			isa = PBXGroup;
			children = (
				7515BE0615AC7BD800F448FC /* Delis.app */,
				7515BE2A15AC7BD800F448FC /* DelisTests.octest */,
			);
			name = Products;
			sourceTree = "<group>";
		};
		7515BE0915AC7BD800F448FC /* Frameworks */ = {
			isa = PBXGroup;
			children = (
				7515BE0A15AC7BD800F448FC /* UIKit.framework */,
				7515BE0C15AC7BD800F448FC /* Foundation.framework */,
				7515BE0E15AC7BD800F448FC /* CoreGraphics.framework */,
				7515BE2B15AC7BD800F448FC /* SenTestingKit.framework */,
			);
			name = Frameworks;
			sourceTree = "<group>";
		};
		7515BE1015AC7BD800F448FC /* Delis */ = {
			isa = PBXGroup;
			children = (
				753319D315D5C1E7006CF085 /* ShopViewController.h */,
				753319D415D5C1E7006CF085 /* ShopViewController.m */,
				753319C015D575A3006CF085 /* PictureViewController.h */,
				753319C115D575A3006CF085 /* PictureViewController.m */,
				753319B215D40E8F006CF085 /* AddFriendsViewController.h */,
				753319B315D40E8F006CF085 /* AddFriendsViewController.m */,
				75DCE45915D1BEC400EF89E7 /* WaitingViewController.h */,
				75DCE45A15D1BEC400EF89E7 /* WaitingViewController.m */,
				75DCE45415D1B95700EF89E7 /* LoginViewController.h */,
				75CC5AFC15C730B4003E71FD /* TitleViewController.h */,
				75DCE45515D1B95800EF89E7 /* LoginViewController.m */,
				75DCE44915D1500600EF89E7 /* PictureCellData.h */,
				75DCE44A15D1500600EF89E7 /* PictureCellData.m */,
				75DCE43615CCEFC200EF89E7 /* CommunicationManager.h */,
				75DCE43715CCEFC300EF89E7 /* CommunicationManager.m */,
				75DCE42E15CCD55200EF89E7 /* MainTabBarController.h */,
				75DCE42F15CCD55200EF89E7 /* MainTabBarController.m */,
				75DCE42A15CCB39700EF89E7 /* PostViewController.h */,
				75DCE42B15CCB39700EF89E7 /* PostViewController.m */,
				75CC5AFD15C730B4003E71FD /* TitleViewController.m */,
				75CC5AE715C3CC4F003E71FD /* LoginController.h */,
				75CC5AE815C3CC4F003E71FD /* LoginController.m */,
				75CC5ADF15C3BDA9003E71FD /* LocationView.h */,
				75CC5AE015C3BDA9003E71FD /* LocationView.m */,
				751BC59F15BEA6D90080BBD6 /* ReviewViewController.h */,
				751BC5A015BEA6D90080BBD6 /* ReviewViewController.m */,
				751BC59515BA76FA0080BBD6 /* ContentViewController.h */,
				751BC59615BA76FA0080BBD6 /* ContentViewController.m */,
				75B0307315AF024400BABE2D /* ProfileViewController.h */,
				75B0307415AF024400BABE2D /* ProfileViewController.m */,
				756E56AB15ADD7770009D04C /* CameraViewController.h */,
				756E56AC15ADD7770009D04C /* CameraViewController.m */,
				7515BE4B15ADB96900F448FC /* FeedViewController.h */,
				7515BE4C15ADB96900F448FC /* FeedViewController.m */,
				7515BE1C15AC7BD800F448FC /* MainStoryboard_iPhone.storyboard */,
				7515BE1F15AC7BD800F448FC /* MainStoryboard_iPad.storyboard */,
				7515BE2215AC7BD800F448FC /* ViewController.h */,
				7515BE2315AC7BD800F448FC /* ViewController.m */,
				7515BE1115AC7BD800F448FC /* Supporting Files */,
			);
			path = Delis;
			sourceTree = "<group>";
		};
		7515BE1115AC7BD800F448FC /* Supporting Files */ = {
			isa = PBXGroup;
			children = (
				7515BE1215AC7BD800F448FC /* Delis-Info.plist */,
				7515BE1315AC7BD800F448FC /* InfoPlist.strings */,
				7515BE1615AC7BD800F448FC /* main.m */,
				7515BE1815AC7BD800F448FC /* Delis-Prefix.pch */,
			);
			name = "Supporting Files";
			sourceTree = "<group>";
		};
		7515BE3115AC7BD800F448FC /* DelisTests */ = {
			isa = PBXGroup;
			children = (
				7515BE3715AC7BD800F448FC /* DelisTests.h */,
				7515BE3815AC7BD800F448FC /* DelisTests.m */,
				7515BE3215AC7BD800F448FC /* Supporting Files */,
			);
			path = DelisTests;
			sourceTree = "<group>";
		};
		7515BE3215AC7BD800F448FC /* Supporting Files */ = {
			isa = PBXGroup;
			children = (
				7515BE3315AC7BD800F448FC /* DelisTests-Info.plist */,
				7515BE3415AC7BD800F448FC /* InfoPlist.strings */,
			);
			name = "Supporting Files";
			sourceTree = "<group>";
		};
		75CC5B2615CB2952003E71FD /* facebook-ios-sdk */ = {
			isa = PBXGroup;
			children = (
				75CC5B2715CB2952003E71FD /* Facebook.h */,
				75CC5B2815CB2952003E71FD /* FBConnect.h */,
				75CC5B2915CB2952003E71FD /* FBDialog.bundle */,
				75CC5B2A15CB2952003E71FD /* FBDialog.h */,
				75CC5B2B15CB2952003E71FD /* FBFrictionlessRequestSettings.h */,
				75CC5B2C15CB2952003E71FD /* FBLoginDialog.h */,
				75CC5B2D15CB2952003E71FD /* FBRequest.h */,
				75CC5B2E15CB2952003E71FD /* JSON.h */,
				75CC5B2F15CB2952003E71FD /* libfacebook_ios_sdk.a */,
				75CC5B3015CB2952003E71FD /* NSObject+SBJSON.h */,
				75CC5B3115CB2952003E71FD /* NSString+SBJSON.h */,
				75CC5B3215CB2952003E71FD /* SBJSON.h */,
				75CC5B3315CB2952003E71FD /* SBJsonBase.h */,
				75CC5B3415CB2952003E71FD /* SBJsonParser.h */,
				75CC5B3515CB2952003E71FD /* SBJsonWriter.h */,
			);
			path = "facebook-ios-sdk";
			sourceTree = "<group>";
		};
		75DCE49115D1D3E700EF89E7 /* images */ = {
			isa = PBXGroup;
			children = (
				753319CF15D5C00F006CF085 /* shop_detail_bg_s@2x.png */,
				753319D015D5C00F006CF085 /* shop_detail_bg@2x.png */,
				753319CD15D5BE1A006CF085 /* profile_rect@2x.png */,
				753319CB15D5BD16006CF085 /* profile_mask2@2x.png */,
				753319C815D5B8F9006CF085 /* profile_mask@2x.png */,
				753319C315D5B40F006CF085 /* check_point@2x.png */,
				753319BC15D57532006CF085 /* bar_search@2X.png */,
				753319BD15D57532006CF085 /* tabbar_bg2@2x.png */,
				753319B815D54DDE006CF085 /* tabbar_bg1@2x.png */,
				753319B615D47BE0006CF085 /* feed_like_down@2x.png */,
				75DCE47415D1D3D400EF89E7 /* delis_logo@2x.png */,
				750B462515D3F34C00AD635E /* add_friends_contect@2x.png */,
				750B462615D3F34C00AD635E /* add_friends_facebook@2x.png */,
				750B462715D3F34C00AD635E /* add_friends_mail@2x.png */,
				750B462915D3F34C00AD635E /* content_back@2x.png */,
				750B462A15D3F34C00AD635E /* delis_logo@2x.png */,
				750B462D15D3F34C00AD635E /* menu_background@2x.png */,
				750B462E15D3F34C00AD635E /* menu_bar@2x.png */,
				750B462F15D3F34C00AD635E /* menu_beer@2x.png */,
				750B463015D3F34C00AD635E /* menu_bread@2x.png */,
				750B463115D3F34C00AD635E /* menu_coffee@2x.png */,
				750B463215D3F34C00AD635E /* menu_hamberger@2x.png */,
				750B463315D3F34C00AD635E /* menu_location@2x.png */,
				750B463415D3F34C00AD635E /* menu_pub@2x.png */,
				750B463515D3F34C00AD635E /* menu_restorant@2x.png */,
				750B463615D3F34C00AD635E /* menu_wine@2x.png */,
				750B463715D3F34C00AD635E /* navigation_background@2x.png */,
				750B463815D3F34C00AD635E /* other_button@2x.png */,
				750B463915D3F34C00AD635E /* picture_cell_background@2x.png */,
				750B463A15D3F34C00AD635E /* picture_outlline.png */,
				750B463D15D3F34D00AD635E /* shop_background@2x.png */,
				750B463E15D3F34D00AD635E /* tab_background@2x.png */,
				750B463F15D3F34D00AD635E /* tab_camera@2x.png */,
				750B464015D3F34D00AD635E /* temp_profile@2x.jpg */,
				750B464115D3F34D00AD635E /* title_image@2x.png */,
				75DCE47515D1D3D400EF89E7 /* feed_comment@2x.png */,
				75DCE47615D1D3D400EF89E7 /* feed_like@2x.png */,
				75DCE47815D1D3D500EF89E7 /* menu_bar@2x.png */,
				75DCE47915D1D3D600EF89E7 /* menu_coffee@2x.png */,
				75DCE47A15D1D3D600EF89E7 /* menu_location@2x.png */,
				75DCE47B15D1D3D700EF89E7 /* menu_restorant@2x.png */,
				75DCE47C15D1D3D700EF89E7 /* navigation_background@2x.png */,
				75DCE47D15D1D3D700EF89E7 /* other_button@2x.png */,
				75DCE47E15D1D3D700EF89E7 /* shop_background@2x.png */,
				75DCE47F15D1D3D900EF89E7 /* tab_background@2x.png */,
				750B466115D4010F00AD635E /* bar_add_friends@2x.png */,
				75DCE48015D1D3D900EF89E7 /* tab_camera@2x.png */,
				75DCE48115D1D3D900EF89E7 /* title_image@2x.png */,
			);
			name = images;
			sourceTree = "<group>";
		};
/* End PBXGroup section */

/* Begin PBXNativeTarget section */
		7515BE0515AC7BD800F448FC /* Delis */ = {
			isa = PBXNativeTarget;
			buildConfigurationList = 7515BE3C15AC7BD800F448FC /* Build configuration list for PBXNativeTarget "Delis" */;
			buildPhases = (
				7515BE0215AC7BD800F448FC /* Sources */,
				7515BE0315AC7BD800F448FC /* Frameworks */,
				7515BE0415AC7BD800F448FC /* Resources */,
			);
			buildRules = (
			);
			dependencies = (
			);
			name = Delis;
			productName = Delis;
			productReference = 7515BE0615AC7BD800F448FC /* Delis.app */;
			productType = "com.apple.product-type.application";
		};
		7515BE2915AC7BD800F448FC /* DelisTests */ = {
			isa = PBXNativeTarget;
			buildConfigurationList = 7515BE3F15AC7BD800F448FC /* Build configuration list for PBXNativeTarget "DelisTests" */;
			buildPhases = (
				7515BE2515AC7BD800F448FC /* Sources */,
				7515BE2615AC7BD800F448FC /* Frameworks */,
				7515BE2715AC7BD800F448FC /* Resources */,
				7515BE2815AC7BD800F448FC /* ShellScript */,
			);
			buildRules = (
			);
			dependencies = (
				7515BE3015AC7BD800F448FC /* PBXTargetDependency */,
			);
			name = DelisTests;
			productName = DelisTests;
			productReference = 7515BE2A15AC7BD800F448FC /* DelisTests.octest */;
			productType = "com.apple.product-type.bundle";
		};
/* End PBXNativeTarget section */

/* Begin PBXProject section */
		7515BDFD15AC7BD800F448FC /* Project object */ = {
			isa = PBXProject;
			attributes = {
				LastUpgradeCheck = 0420;
				ORGANIZATIONNAME = LBS;
			};
			buildConfigurationList = 7515BE0015AC7BD800F448FC /* Build configuration list for PBXProject "Delis" */;
			compatibilityVersion = "Xcode 3.2";
			developmentRegion = English;
			hasScannedForEncodings = 0;
			knownRegions = (
				en,
			);
			mainGroup = 7515BDFB15AC7BD800F448FC;
			productRefGroup = 7515BE0715AC7BD800F448FC /* Products */;
			projectDirPath = "";
			projectRoot = "";
			targets = (
				7515BE0515AC7BD800F448FC /* Delis */,
				7515BE2915AC7BD800F448FC /* DelisTests */,
			);
		};
/* End PBXProject section */

/* Begin PBXResourcesBuildPhase section */
		7515BE0415AC7BD800F448FC /* Resources */ = {
			isa = PBXResourcesBuildPhase;
			buildActionMask = 2147483647;
			files = (
				7515BE1515AC7BD800F448FC /* InfoPlist.strings in Resources */,
				7515BE1E15AC7BD800F448FC /* MainStoryboard_iPhone.storyboard in Resources */,
				7515BE2115AC7BD800F448FC /* MainStoryboard_iPad.storyboard in Resources */,
				75CC5B3615CB2952003E71FD /* FBDialog.bundle in Resources */,
				75DCE48315D1D3D900EF89E7 /* delis_logo@2x.png in Resources */,
				75DCE48415D1D3D900EF89E7 /* feed_comment@2x.png in Resources */,
				75DCE48515D1D3D900EF89E7 /* feed_like@2x.png in Resources */,
				75DCE48715D1D3D900EF89E7 /* menu_bar@2x.png in Resources */,
				75DCE48815D1D3D900EF89E7 /* menu_coffee@2x.png in Resources */,
				75DCE48915D1D3D900EF89E7 /* menu_location@2x.png in Resources */,
				75DCE48A15D1D3D900EF89E7 /* menu_restorant@2x.png in Resources */,
				75DCE48B15D1D3D900EF89E7 /* navigation_background@2x.png in Resources */,
				75DCE48C15D1D3D900EF89E7 /* other_button@2x.png in Resources */,
				75DCE48D15D1D3D900EF89E7 /* shop_background@2x.png in Resources */,
				75DCE48E15D1D3D900EF89E7 /* tab_background@2x.png in Resources */,
				75DCE48F15D1D3D900EF89E7 /* tab_camera@2x.png in Resources */,
				75DCE49015D1D3D900EF89E7 /* title_image@2x.png in Resources */,
				750B464215D3F34D00AD635E /* add_friends_contect@2x.png in Resources */,
				750B464315D3F34D00AD635E /* add_friends_facebook@2x.png in Resources */,
				750B464415D3F34D00AD635E /* add_friends_mail@2x.png in Resources */,
				750B464615D3F34D00AD635E /* content_back@2x.png in Resources */,
				750B464715D3F34D00AD635E /* delis_logo@2x.png in Resources */,
				750B464A15D3F34D00AD635E /* menu_background@2x.png in Resources */,
				750B464B15D3F34D00AD635E /* menu_bar@2x.png in Resources */,
				750B464C15D3F34D00AD635E /* menu_beer@2x.png in Resources */,
				750B464D15D3F34D00AD635E /* menu_bread@2x.png in Resources */,
				750B464E15D3F34D00AD635E /* menu_coffee@2x.png in Resources */,
				750B464F15D3F34D00AD635E /* menu_hamberger@2x.png in Resources */,
				750B465015D3F34D00AD635E /* menu_location@2x.png in Resources */,
				750B465115D3F34D00AD635E /* menu_pub@2x.png in Resources */,
				750B465215D3F34D00AD635E /* menu_restorant@2x.png in Resources */,
				750B465315D3F34D00AD635E /* menu_wine@2x.png in Resources */,
				750B465415D3F34D00AD635E /* navigation_background@2x.png in Resources */,
				750B465515D3F34D00AD635E /* other_button@2x.png in Resources */,
				750B465615D3F34D00AD635E /* picture_cell_background@2x.png in Resources */,
				750B465715D3F34D00AD635E /* picture_outlline.png in Resources */,
				750B465A15D3F34D00AD635E /* shop_background@2x.png in Resources */,
				750B465B15D3F34D00AD635E /* tab_background@2x.png in Resources */,
				750B465C15D3F34D00AD635E /* tab_camera@2x.png in Resources */,
				750B465D15D3F34D00AD635E /* temp_profile@2x.jpg in Resources */,
				750B465E15D3F34D00AD635E /* title_image@2x.png in Resources */,
				750B466215D4010F00AD635E /* bar_add_friends@2x.png in Resources */,
				753319B715D47BE0006CF085 /* feed_like_down@2x.png in Resources */,
				753319BA15D54DDE006CF085 /* tabbar_bg1@2x.png in Resources */,
				753319BE15D57533006CF085 /* bar_search@2X.png in Resources */,
				753319BF15D57533006CF085 /* tabbar_bg2@2x.png in Resources */,
				753319C415D5B40F006CF085 /* check_point@2x.png in Resources */,
				753319CA15D5B8FA006CF085 /* profile_mask@2x.png in Resources */,
				753319CC15D5BD16006CF085 /* profile_mask2@2x.png in Resources */,
				753319CE15D5BE1A006CF085 /* profile_rect@2x.png in Resources */,
				753319D115D5C00F006CF085 /* shop_detail_bg_s@2x.png in Resources */,
				753319D215D5C00F006CF085 /* shop_detail_bg@2x.png in Resources */,
			);
			runOnlyForDeploymentPostprocessing = 0;
		};
		7515BE2715AC7BD800F448FC /* Resources */ = {
			isa = PBXResourcesBuildPhase;
			buildActionMask = 2147483647;
			files = (
				7515BE3615AC7BD800F448FC /* InfoPlist.strings in Resources */,
			);
			runOnlyForDeploymentPostprocessing = 0;
		};
/* End PBXResourcesBuildPhase section */

/* Begin PBXShellScriptBuildPhase section */
		7515BE2815AC7BD800F448FC /* ShellScript */ = {
			isa = PBXShellScriptBuildPhase;
			buildActionMask = 2147483647;
			files = (
			);
			inputPaths = (
			);
			outputPaths = (
			);
			runOnlyForDeploymentPostprocessing = 0;
			shellPath = /bin/sh;
			shellScript = "# Run the unit tests in this test bundle.\n\"${SYSTEM_DEVELOPER_DIR}/Tools/RunUnitTests\"\n";
		};
/* End PBXShellScriptBuildPhase section */

/* Begin PBXSourcesBuildPhase section */
		7515BE0215AC7BD800F448FC /* Sources */ = {
			isa = PBXSourcesBuildPhase;
			buildActionMask = 2147483647;
			files = (
				7515BE1715AC7BD800F448FC /* main.m in Sources */,
				7515BE2415AC7BD800F448FC /* ViewController.m in Sources */,
				7515BE4D15ADB96900F448FC /* FeedViewController.m in Sources */,
				756E56AD15ADD7770009D04C /* CameraViewController.m in Sources */,
				75B0307515AF024400BABE2D /* ProfileViewController.m in Sources */,
				751BC59715BA76FA0080BBD6 /* ContentViewController.m in Sources */,
				751BC5A115BEA6D90080BBD6 /* ReviewViewController.m in Sources */,
				75CC5AE115C3BDA9003E71FD /* LocationView.m in Sources */,
				75CC5AE915C3CC4F003E71FD /* LoginController.m in Sources */,
				75CC5AFE15C730B4003E71FD /* TitleViewController.m in Sources */,
				75DCE42C15CCB39700EF89E7 /* PostViewController.m in Sources */,
				75DCE43015CCD55200EF89E7 /* MainTabBarController.m in Sources */,
				75DCE43815CCEFC300EF89E7 /* CommunicationManager.m in Sources */,
				75DCE44B15D1500700EF89E7 /* PictureCellData.m in Sources */,
				75DCE45615D1B95800EF89E7 /* LoginViewController.m in Sources */,
				75DCE45B15D1BEC400EF89E7 /* WaitingViewController.m in Sources */,
				753319B415D40E8F006CF085 /* AddFriendsViewController.m in Sources */,
				753319C215D575A3006CF085 /* PictureViewController.m in Sources */,
				753319D515D5C1E8006CF085 /* ShopViewController.m in Sources */,
			);
			runOnlyForDeploymentPostprocessing = 0;
		};
		7515BE2515AC7BD800F448FC /* Sources */ = {
			isa = PBXSourcesBuildPhase;
			buildActionMask = 2147483647;
			files = (
				7515BE3915AC7BD800F448FC /* DelisTests.m in Sources */,
			);
			runOnlyForDeploymentPostprocessing = 0;
		};
/* End PBXSourcesBuildPhase section */

/* Begin PBXTargetDependency section */
		7515BE3015AC7BD800F448FC /* PBXTargetDependency */ = {
			isa = PBXTargetDependency;
			target = 7515BE0515AC7BD800F448FC /* Delis */;
			targetProxy = 7515BE2F15AC7BD800F448FC /* PBXContainerItemProxy */;
		};
/* End PBXTargetDependency section */

/* Begin PBXVariantGroup section */
		7515BE1315AC7BD800F448FC /* InfoPlist.strings */ = {
			isa = PBXVariantGroup;
			children = (
				7515BE1415AC7BD800F448FC /* en */,
			);
			name = InfoPlist.strings;
			sourceTree = "<group>";
		};
		7515BE1C15AC7BD800F448FC /* MainStoryboard_iPhone.storyboard */ = {
			isa = PBXVariantGroup;
			children = (
				7515BE1D15AC7BD800F448FC /* en */,
			);
			name = MainStoryboard_iPhone.storyboard;
			sourceTree = "<group>";
		};
		7515BE1F15AC7BD800F448FC /* MainStoryboard_iPad.storyboard */ = {
			isa = PBXVariantGroup;
			children = (
				7515BE2015AC7BD800F448FC /* en */,
			);
			name = MainStoryboard_iPad.storyboard;
			sourceTree = "<group>";
		};
		7515BE3415AC7BD800F448FC /* InfoPlist.strings */ = {
			isa = PBXVariantGroup;
			children = (
				7515BE3515AC7BD800F448FC /* en */,
			);
			name = InfoPlist.strings;
			sourceTree = "<group>";
		};
/* End PBXVariantGroup section */

/* Begin XCBuildConfiguration section */
		7515BE3A15AC7BD800F448FC /* Debug */ = {
			isa = XCBuildConfiguration;
			buildSettings = {
				ALWAYS_SEARCH_USER_PATHS = NO;
				ARCHS = "$(ARCHS_STANDARD_32_BIT)";
				CLANG_ENABLE_OBJC_ARC = YES;
				"CODE_SIGN_IDENTITY[sdk=iphoneos*]" = "iPhone Developer";
				COPY_PHASE_STRIP = NO;
				GCC_C_LANGUAGE_STANDARD = gnu99;
				GCC_DYNAMIC_NO_PIC = NO;
				GCC_OPTIMIZATION_LEVEL = 0;
				GCC_PREPROCESSOR_DEFINITIONS = (
					"DEBUG=1",
					"$(inherited)",
				);
				GCC_SYMBOLS_PRIVATE_EXTERN = NO;
				GCC_VERSION = com.apple.compilers.llvm.clang.1_0;
				GCC_WARN_ABOUT_MISSING_PROTOTYPES = YES;
				GCC_WARN_ABOUT_RETURN_TYPE = YES;
				GCC_WARN_UNUSED_VARIABLE = YES;
				IPHONEOS_DEPLOYMENT_TARGET = 5.0;
				SDKROOT = iphoneos;
				TARGETED_DEVICE_FAMILY = "1,2";
			};
			name = Debug;
		};
		7515BE3B15AC7BD800F448FC /* Release */ = {
			isa = XCBuildConfiguration;
			buildSettings = {
				ALWAYS_SEARCH_USER_PATHS = NO;
				ARCHS = "$(ARCHS_STANDARD_32_BIT)";
				CLANG_ENABLE_OBJC_ARC = YES;
				"CODE_SIGN_IDENTITY[sdk=iphoneos*]" = "iPhone Developer";
				COPY_PHASE_STRIP = YES;
				GCC_C_LANGUAGE_STANDARD = gnu99;
				GCC_VERSION = com.apple.compilers.llvm.clang.1_0;
				GCC_WARN_ABOUT_MISSING_PROTOTYPES = YES;
				GCC_WARN_ABOUT_RETURN_TYPE = YES;
				GCC_WARN_UNUSED_VARIABLE = YES;
				IPHONEOS_DEPLOYMENT_TARGET = 5.0;
				OTHER_CFLAGS = "-DNS_BLOCK_ASSERTIONS=1";
				SDKROOT = iphoneos;
				TARGETED_DEVICE_FAMILY = "1,2";
				VALIDATE_PRODUCT = YES;
			};
			name = Release;
		};
		7515BE3D15AC7BD800F448FC /* Debug */ = {
			isa = XCBuildConfiguration;
			buildSettings = {
				GCC_PRECOMPILE_PREFIX_HEADER = YES;
				GCC_PREFIX_HEADER = "Delis/Delis-Prefix.pch";
				INFOPLIST_FILE = "Delis/Delis-Info.plist";
				LIBRARY_SEARCH_PATHS = (
					"$(inherited)",
					"\"$(SRCROOT)/facebook-ios-sdk\"",
				);
				PRODUCT_NAME = "$(TARGET_NAME)";
				TARGETED_DEVICE_FAMILY = 1;
				WRAPPER_EXTENSION = app;
			};
			name = Debug;
		};
		7515BE3E15AC7BD800F448FC /* Release */ = {
			isa = XCBuildConfiguration;
			buildSettings = {
				GCC_PRECOMPILE_PREFIX_HEADER = YES;
				GCC_PREFIX_HEADER = "Delis/Delis-Prefix.pch";
				INFOPLIST_FILE = "Delis/Delis-Info.plist";
				LIBRARY_SEARCH_PATHS = (
					"$(inherited)",
					"\"$(SRCROOT)/facebook-ios-sdk\"",
				);
				PRODUCT_NAME = "$(TARGET_NAME)";
				TARGETED_DEVICE_FAMILY = 1;
				WRAPPER_EXTENSION = app;
			};
			name = Release;
		};
		7515BE4015AC7BD800F448FC /* Debug */ = {
			isa = XCBuildConfiguration;
			buildSettings = {
				BUNDLE_LOADER = "$(BUILT_PRODUCTS_DIR)/Delis.app/Delis";
				FRAMEWORK_SEARCH_PATHS = (
					"$(SDKROOT)/Developer/Library/Frameworks",
					"$(DEVELOPER_LIBRARY_DIR)/Frameworks",
				);
				GCC_PRECOMPILE_PREFIX_HEADER = YES;
				GCC_PREFIX_HEADER = "Delis/Delis-Prefix.pch";
				INFOPLIST_FILE = "DelisTests/DelisTests-Info.plist";
				PRODUCT_NAME = "$(TARGET_NAME)";
				TEST_HOST = "$(BUNDLE_LOADER)";
				WRAPPER_EXTENSION = octest;
			};
			name = Debug;
		};
		7515BE4115AC7BD800F448FC /* Release */ = {
			isa = XCBuildConfiguration;
			buildSettings = {
				BUNDLE_LOADER = "$(BUILT_PRODUCTS_DIR)/Delis.app/Delis";
				FRAMEWORK_SEARCH_PATHS = (
					"$(SDKROOT)/Developer/Library/Frameworks",
					"$(DEVELOPER_LIBRARY_DIR)/Frameworks",
				);
				GCC_PRECOMPILE_PREFIX_HEADER = YES;
				GCC_PREFIX_HEADER = "Delis/Delis-Prefix.pch";
				INFOPLIST_FILE = "DelisTests/DelisTests-Info.plist";
				PRODUCT_NAME = "$(TARGET_NAME)";
				TEST_HOST = "$(BUNDLE_LOADER)";
				WRAPPER_EXTENSION = octest;
			};
			name = Release;
		};
/* End XCBuildConfiguration section */

/* Begin XCConfigurationList section */
		7515BE0015AC7BD800F448FC /* Build configuration list for PBXProject "Delis" */ = {
			isa = XCConfigurationList;
			buildConfigurations = (
				7515BE3A15AC7BD800F448FC /* Debug */,
				7515BE3B15AC7BD800F448FC /* Release */,
			);
			defaultConfigurationIsVisible = 0;
			defaultConfigurationName = Release;
		};
		7515BE3C15AC7BD800F448FC /* Build configuration list for PBXNativeTarget "Delis" */ = {
			isa = XCConfigurationList;
			buildConfigurations = (
				7515BE3D15AC7BD800F448FC /* Debug */,
				7515BE3E15AC7BD800F448FC /* Release */,
			);
			defaultConfigurationIsVisible = 0;
			defaultConfigurationName = Release;
		};
		7515BE3F15AC7BD800F448FC /* Build configuration list for PBXNativeTarget "DelisTests" */ = {
			isa = XCConfigurationList;
			buildConfigurations = (
				7515BE4015AC7BD800F448FC /* Debug */,
				7515BE4115AC7BD800F448FC /* Release */,
			);
			defaultConfigurationIsVisible = 0;
			defaultConfigurationName = Release;
		};
/* End XCConfigurationList section */
	};
	rootObject = 7515BDFD15AC7BD800F448FC /* Project object */;
}
